<?xml version="1.0" encoding="UTF-8"?>
<Project ToolsVersion="15.0" xmlns="http://schemas.microsoft.com/developer/msbuild/2003">
  <ItemGroup>
    <ClCompile Include="F:\Monte-Carlo-Ray-Tracing-master\src\Algorithms.cpp">
      <Filter>Source Files</Filter>
    </ClCompile>
    <ClCompile Include="F:\Monte-Carlo-Ray-Tracing-master\src\Camera.cpp">
      <Filter>Source Files</Filter>
    </ClCompile>
    <ClCompile Include="F:\Monte-Carlo-Ray-Tracing-master\src\Image.cpp">
      <Filter>Source Files</Filter>
    </ClCompile>
    <ClCompile Include="F:\Monte-Carlo-Ray-Tracing-master\src\Plane.cpp">
      <Filter>Source Files</Filter>
    </ClCompile>
    <ClCompile Include="F:\Monte-Carlo-Ray-Tracing-master\src\Ray.cpp">
      <Filter>Source Files</Filter>
    </ClCompile>
    <ClCompile Include="F:\Monte-Carlo-Ray-Tracing-master\src\Scene.cpp">
      <Filter>Source Files</Filter>
    </ClCompile>
    <ClCompile Include="F:\Monte-Carlo-Ray-Tracing-master\src\Shape.cpp">
      <Filter>Source Files</Filter>
    </ClCompile>
    <ClCompile Include="F:\Monte-Carlo-Ray-Tracing-master\src\Sphere.cpp">
      <Filter>Source Files</Filter>
    </ClCompile>
    <ClCompile Include="F:\Monte-Carlo-Ray-Tracing-master\src\Walls.cpp">
      <Filter>Source Files</Filter>
    </ClCompile>
    <ClCompile Include="F:\Monte-Carlo-Ray-Tracing-master\src\main.cpp">
      <Filter>Source Files</Filter>
    </ClCompile>
  </ItemGroup>
  <ItemGroup>
    <ClInclude Include="F:\Monte-Carlo-Ray-Tracing-master\include\Algorithms.h">
      <Filter>Header Files</Filter>
    </ClInclude>
    <ClInclude Include="F:\Monte-Carlo-Ray-Tracing-master\include\Camera.h">
      <Filter>Header Files</Filter>
    </ClInclude>
    <ClInclude Include="F:\Monte-Carlo-Ray-Tracing-master\include\Image.h">
      <Filter>Header Files</Filter>
    </ClInclude>
    <ClInclude Include="F:\Monte-Carlo-Ray-Tracing-master\include\Plane.h">
      <Filter>Header Files</Filter>
    </ClInclude>
    <ClInclude Include="F:\Monte-Carlo-Ray-Tracing-master\include\Ray.h">
      <Filter>Header Files</Filter>
    </ClInclude>
    <ClInclude Include="F:\Monte-Carlo-Ray-Tracing-master\include\Scene.h">
      <Filter>Header Files</Filter>
    </ClInclude>
    <ClInclude Include="F:\Monte-Carlo-Ray-Tracing-master\include\Shape.h">
      <Filter>Header Files</Filter>
    </ClInclude>
    <ClInclude Include="F:\Monte-Carlo-Ray-Tracing-master\include\Sphere.h">
      <Filter>Header Files</Filter>
    </ClInclude>
    <ClInclude Include="F:\Monte-Carlo-Ray-Tracing-master\include\Walls.h">
      <Filter>Header Files</Filter>
    </ClInclude>
  </ItemGroup>
  <ItemGroup>
    <CustomBuild Include="F:\Monte-Carlo-Ray-Tracing-master\CMakeLists.txt" />
  </ItemGroup>
  <ItemGroup>
    <Filter Include="Source Files">
      <UniqueIdentifier>{6B990408-F22F-391B-A827-9B207D9EE89D}</UniqueIdentifier>
    </Filter>
    <Filter Include="Header Files">
      <UniqueIdentifier>{6CCD2040-2F5B-346C-A1BA-28876DF2ABBC}</UniqueIdentifier>
    </Filter>
  </ItemGroup>
</Project>
